// !$*UTF8*$!
{
	archiveVersion = 1;
	classes = {
	};
	objectVersion = 46;
	objects = {

/* Begin PBXBuildFile section */
		C332DA4F1CECE0F200E2D738 /* AddEventViewController.swift in Sources */ = {isa = PBXBuildFile; fileRef = C332DA4E1CECE0F200E2D738 /* AddEventViewController.swift */; };
		C332DA511CF4C53E00E2D738 /* EventAddedDelegate.swift in Sources */ = {isa = PBXBuildFile; fileRef = C332DA501CF4C53E00E2D738 /* EventAddedDelegate.swift */; };
		C3B8EA3A1CCFDB7900EE0C9D /* SegueIdentifiers.swift in Sources */ = {isa = PBXBuildFile; fileRef = C3B8EA391CCFDB7900EE0C9D /* SegueIdentifiers.swift */; };
		C3B8EA3C1CCFDFA700EE0C9D /* EventsViewController.swift in Sources */ = {isa = PBXBuildFile; fileRef = C3B8EA3B1CCFDFA700EE0C9D /* EventsViewController.swift */; };
		C3E38CB91AF7E5D40020EB86 /* AppDelegate.swift in Sources */ = {isa = PBXBuildFile; fileRef = C3E38CB81AF7E5D40020EB86 /* AppDelegate.swift */; };
		C3E38CBB1AF7E5D40020EB86 /* ViewController.swift in Sources */ = {isa = PBXBuildFile; fileRef = C3E38CBA1AF7E5D40020EB86 /* ViewController.swift */; };
		C3E38CBE1AF7E5D40020EB86 /* Main.storyboard in Resources */ = {isa = PBXBuildFile; fileRef = C3E38CBC1AF7E5D40020EB86 /* Main.storyboard */; };
		C3E38CC01AF7E5D40020EB86 /* Images.xcassets in Resources */ = {isa = PBXBuildFile; fileRef = C3E38CBF1AF7E5D40020EB86 /* Images.xcassets */; };
		C3E38CC31AF7E5D40020EB86 /* LaunchScreen.xib in Resources */ = {isa = PBXBuildFile; fileRef = C3E38CC11AF7E5D40020EB86 /* LaunchScreen.xib */; };
		C3E38CCF1AF7E5D40020EB86 /* EventTrackerTests.swift in Sources */ = {isa = PBXBuildFile; fileRef = C3E38CCE1AF7E5D40020EB86 /* EventTrackerTests.swift */; };
		C3F3A4931CC69EEA00B35A27 /* AddCalendarViewController.swift in Sources */ = {isa = PBXBuildFile; fileRef = C3F3A4921CC69EEA00B35A27 /* AddCalendarViewController.swift */; };
		C3F3A4951CC6A62A00B35A27 /* CalendarAddedDelegate.swift in Sources */ = {isa = PBXBuildFile; fileRef = C3F3A4941CC6A62A00B35A27 /* CalendarAddedDelegate.swift */; };
		F2FE1C091AF8746D002A3F21 /* UIViewExtensions.swift in Sources */ = {isa = PBXBuildFile; fileRef = F2FE1C081AF8746D002A3F21 /* UIViewExtensions.swift */; };
/* End PBXBuildFile section */

/* Begin PBXContainerItemProxy section */
		C3E38CC91AF7E5D40020EB86 /* PBXContainerItemProxy */ = {
			isa = PBXContainerItemProxy;
			containerPortal = C3E38CAB1AF7E5D40020EB86 /* Project object */;
			proxyType = 1;
			remoteGlobalIDString = C3E38CB21AF7E5D40020EB86;
			remoteInfo = EventTracker;
		};
/* End PBXContainerItemProxy section */

/* Begin PBXFileReference section */
		C332DA4E1CECE0F200E2D738 /* AddEventViewController.swift */ = {isa = PBXFileReference; fileEncoding = 4; lastKnownFileType = sourcecode.swift; path = AddEventViewController.swift; sourceTree = "<group>"; };
		C332DA501CF4C53E00E2D738 /* EventAddedDelegate.swift */ = {isa = PBXFileReference; fileEncoding = 4; lastKnownFileType = sourcecode.swift; path = EventAddedDelegate.swift; sourceTree = "<group>"; };
		C3B8EA391CCFDB7900EE0C9D /* SegueIdentifiers.swift */ = {isa = PBXFileReference; fileEncoding = 4; lastKnownFileType = sourcecode.swift; path = SegueIdentifiers.swift; sourceTree = "<group>"; };
		C3B8EA3B1CCFDFA700EE0C9D /* EventsViewController.swift */ = {isa = PBXFileReference; fileEncoding = 4; lastKnownFileType = sourcecode.swift; path = EventsViewController.swift; sourceTree = "<group>"; };
		C3E38CB31AF7E5D40020EB86 /* EventTracker.app */ = {isa = PBXFileReference; explicitFileType = wrapper.application; includeInIndex = 0; path = EventTracker.app; sourceTree = BUILT_PRODUCTS_DIR; };
		C3E38CB71AF7E5D40020EB86 /* Info.plist */ = {isa = PBXFileReference; lastKnownFileType = text.plist.xml; path = Info.plist; sourceTree = "<group>"; };
		C3E38CB81AF7E5D40020EB86 /* AppDelegate.swift */ = {isa = PBXFileReference; lastKnownFileType = sourcecode.swift; path = AppDelegate.swift; sourceTree = "<group>"; };
		C3E38CBA1AF7E5D40020EB86 /* ViewController.swift */ = {isa = PBXFileReference; lastKnownFileType = sourcecode.swift; path = ViewController.swift; sourceTree = "<group>"; };
		C3E38CBD1AF7E5D40020EB86 /* Base */ = {isa = PBXFileReference; lastKnownFileType = file.storyboard; name = Base; path = Base.lproj/Main.storyboard; sourceTree = "<group>"; };
		C3E38CBF1AF7E5D40020EB86 /* Images.xcassets */ = {isa = PBXFileReference; lastKnownFileType = folder.assetcatalog; path = Images.xcassets; sourceTree = "<group>"; };
		C3E38CC21AF7E5D40020EB86 /* Base */ = {isa = PBXFileReference; lastKnownFileType = file.xib; name = Base; path = Base.lproj/LaunchScreen.xib; sourceTree = "<group>"; };
		C3E38CC81AF7E5D40020EB86 /* EventTrackerTests.xctest */ = {isa = PBXFileReference; explicitFileType = wrapper.cfbundle; includeInIndex = 0; path = EventTrackerTests.xctest; sourceTree = BUILT_PRODUCTS_DIR; };
		C3E38CCD1AF7E5D40020EB86 /* Info.plist */ = {isa = PBXFileReference; lastKnownFileType = text.plist.xml; path = Info.plist; sourceTree = "<group>"; };
		C3E38CCE1AF7E5D40020EB86 /* EventTrackerTests.swift */ = {isa = PBXFileReference; lastKnownFileType = sourcecode.swift; path = EventTrackerTests.swift; sourceTree = "<group>"; };
		C3F3A4921CC69EEA00B35A27 /* AddCalendarViewController.swift */ = {isa = PBXFileReference; fileEncoding = 4; lastKnownFileType = sourcecode.swift; path = AddCalendarViewController.swift; sourceTree = "<group>"; };
		C3F3A4941CC6A62A00B35A27 /* CalendarAddedDelegate.swift */ = {isa = PBXFileReference; fileEncoding = 4; lastKnownFileType = sourcecode.swift; path = CalendarAddedDelegate.swift; sourceTree = "<group>"; };
		F2FE1C081AF8746D002A3F21 /* UIViewExtensions.swift */ = {isa = PBXFileReference; fileEncoding = 4; lastKnownFileType = sourcecode.swift; path = UIViewExtensions.swift; sourceTree = "<group>"; };
/* End PBXFileReference section */

/* Begin PBXFrameworksBuildPhase section */
		C3E38CB01AF7E5D40020EB86 /* Frameworks */ = {
			isa = PBXFrameworksBuildPhase;
			buildActionMask = 2147483647;
			files = (
			);
			runOnlyForDeploymentPostprocessing = 0;
		};
		C3E38CC51AF7E5D40020EB86 /* Frameworks */ = {
			isa = PBXFrameworksBuildPhase;
			buildActionMask = 2147483647;
			files = (
			);
			runOnlyForDeploymentPostprocessing = 0;
		};
/* End PBXFrameworksBuildPhase section */

/* Begin PBXGroup section */
		C3E38CAA1AF7E5D40020EB86 = {
			isa = PBXGroup;
			children = (
				C3E38CB51AF7E5D40020EB86 /* EventTracker */,
				C3E38CCB1AF7E5D40020EB86 /* EventTrackerTests */,
				C3E38CB41AF7E5D40020EB86 /* Products */,
			);
			sourceTree = "<group>";
		};
		C3E38CB41AF7E5D40020EB86 /* Products */ = {
			isa = PBXGroup;
			children = (
				C3E38CB31AF7E5D40020EB86 /* EventTracker.app */,
				C3E38CC81AF7E5D40020EB86 /* EventTrackerTests.xctest */,
			);
			name = Products;
			sourceTree = "<group>";
		};
		C3E38CB51AF7E5D40020EB86 /* EventTracker */ = {
			isa = PBXGroup;
			children = (
				C3E38CB81AF7E5D40020EB86 /* AppDelegate.swift */,
				C3E38CBA1AF7E5D40020EB86 /* ViewController.swift */,
				C3F3A4921CC69EEA00B35A27 /* AddCalendarViewController.swift */,
				C3F3A4941CC6A62A00B35A27 /* CalendarAddedDelegate.swift */,
				C3B8EA3B1CCFDFA700EE0C9D /* EventsViewController.swift */,
				C332DA4E1CECE0F200E2D738 /* AddEventViewController.swift */,
				C332DA501CF4C53E00E2D738 /* EventAddedDelegate.swift */,
				F2FE1C081AF8746D002A3F21 /* UIViewExtensions.swift */,
				C3B8EA391CCFDB7900EE0C9D /* SegueIdentifiers.swift */,
				C3E38CBC1AF7E5D40020EB86 /* Main.storyboard */,
				C3E38CBF1AF7E5D40020EB86 /* Images.xcassets */,
				C3E38CC11AF7E5D40020EB86 /* LaunchScreen.xib */,
				C3E38CB61AF7E5D40020EB86 /* Supporting Files */,
			);
			path = EventTracker;
			sourceTree = "<group>";
		};
		C3E38CB61AF7E5D40020EB86 /* Supporting Files */ = {
			isa = PBXGroup;
			children = (
				C3E38CB71AF7E5D40020EB86 /* Info.plist */,
			);
			name = "Supporting Files";
			sourceTree = "<group>";
		};
		C3E38CCB1AF7E5D40020EB86 /* EventTrackerTests */ = {
			isa = PBXGroup;
			children = (
				C3E38CCE1AF7E5D40020EB86 /* EventTrackerTests.swift */,
				C3E38CCC1AF7E5D40020EB86 /* Supporting Files */,
			);
			path = EventTrackerTests;
			sourceTree = "<group>";
		};
		C3E38CCC1AF7E5D40020EB86 /* Supporting Files */ = {
			isa = PBXGroup;
			children = (
				C3E38CCD1AF7E5D40020EB86 /* Info.plist */,
			);
			name = "Supporting Files";
			sourceTree = "<group>";
		};
/* End PBXGroup section */

/* Begin PBXNativeTarget section */
		C3E38CB21AF7E5D40020EB86 /* EventTracker */ = {
			isa = PBXNativeTarget;
			buildConfigurationList = C3E38CD21AF7E5D40020EB86 /* Build configuration list for PBXNativeTarget "EventTracker" */;
			buildPhases = (
				C3E38CAF1AF7E5D40020EB86 /* Sources */,
				C3E38CB01AF7E5D40020EB86 /* Frameworks */,
				C3E38CB11AF7E5D40020EB86 /* Resources */,
			);
			buildRules = (
			);
			dependencies = (
			);
			name = EventTracker;
			productName = EventTracker;
			productReference = C3E38CB31AF7E5D40020EB86 /* EventTracker.app */;
			productType = "com.apple.product-type.application";
		};
		C3E38CC71AF7E5D40020EB86 /* EventTrackerTests */ = {
			isa = PBXNativeTarget;
			buildConfigurationList = C3E38CD51AF7E5D40020EB86 /* Build configuration list for PBXNativeTarget "EventTrackerTests" */;
			buildPhases = (
				C3E38CC41AF7E5D40020EB86 /* Sources */,
				C3E38CC51AF7E5D40020EB86 /* Frameworks */,
				C3E38CC61AF7E5D40020EB86 /* Resources */,
			);
			buildRules = (
			);
			dependencies = (
				C3E38CCA1AF7E5D40020EB86 /* PBXTargetDependency */,
			);
			name = EventTrackerTests;
			productName = EventTrackerTests;
			productReference = C3E38CC81AF7E5D40020EB86 /* EventTrackerTests.xctest */;
			productType = "com.apple.product-type.bundle.unit-test";
		};
/* End PBXNativeTarget section */

/* Begin PBXProject section */
		C3E38CAB1AF7E5D40020EB86 /* Project object */ = {
			isa = PBXProject;
			attributes = {
				LastSwiftMigration = 0700;
				LastSwiftUpdateCheck = 0700;
				LastUpgradeCheck = 0700;
				ORGANIZATIONNAME = "Andrew Bancroft";
				TargetAttributes = {
					C3E38CB21AF7E5D40020EB86 = {
						CreatedOnToolsVersion = 6.3.1;
					};
					C3E38CC71AF7E5D40020EB86 = {
						CreatedOnToolsVersion = 6.3.1;
						TestTargetID = C3E38CB21AF7E5D40020EB86;
					};
				};
			};
			buildConfigurationList = C3E38CAE1AF7E5D40020EB86 /* Build configuration list for PBXProject "EventTracker" */;
			compatibilityVersion = "Xcode 3.2";
			developmentRegion = English;
			hasScannedForEncodings = 0;
			knownRegions = (
				en,
				Base,
			);
			mainGroup = C3E38CAA1AF7E5D40020EB86;
			productRefGroup = C3E38CB41AF7E5D40020EB86 /* Products */;
			projectDirPath = "";
			projectRoot = "";
			targets = (
				C3E38CB21AF7E5D40020EB86 /* EventTracker */,
				C3E38CC71AF7E5D40020EB86 /* EventTrackerTests */,
			);
		};
/* End PBXProject section */

/* Begin PBXResourcesBuildPhase section */
		C3E38CB11AF7E5D40020EB86 /* Resources */ = {
			isa = PBXResourcesBuildPhase;
			buildActionMask = 2147483647;
			files = (
				C3E38CBE1AF7E5D40020EB86 /* Main.storyboard in Resources */,
				C3E38CC31AF7E5D40020EB86 /* LaunchScreen.xib in Resources */,
				C3E38CC01AF7E5D40020EB86 /* Images.xcassets in Resources */,
			);
			runOnlyForDeploymentPostprocessing = 0;
		};
		C3E38CC61AF7E5D40020EB86 /* Resources */ = {
			isa = PBXResourcesBuildPhase;
			buildActionMask = 2147483647;
			files = (
			);
			runOnlyForDeploymentPostprocessing = 0;
		};
/* End PBXResourcesBuildPhase section */

/* Begin PBXSourcesBuildPhase section */
		C3E38CAF1AF7E5D40020EB86 /* Sources */ = {
			isa = PBXSourcesBuildPhase;
			buildActionMask = 2147483647;
			files = (
				C3F3A4931CC69EEA00B35A27 /* AddCalendarViewController.swift in Sources */,
				C332DA4F1CECE0F200E2D738 /* AddEventViewController.swift in Sources */,
				C3E38CBB1AF7E5D40020EB86 /* ViewController.swift in Sources */,
				C3F3A4951CC6A62A00B35A27 /* CalendarAddedDelegate.swift in Sources */,
				F2FE1C091AF8746D002A3F21 /* UIViewExtensions.swift in Sources */,
				C332DA511CF4C53E00E2D738 /* EventAddedDelegate.swift in Sources */,
				C3B8EA3C1CCFDFA700EE0C9D /* EventsViewController.swift in Sources */,
				C3E38CB91AF7E5D40020EB86 /* AppDelegate.swift in Sources */,
				C3B8EA3A1CCFDB7900EE0C9D /* SegueIdentifiers.swift in Sources */,
			);
			runOnlyForDeploymentPostprocessing = 0;
		};
		C3E38CC41AF7E5D40020EB86 /* Sources */ = {
			isa = PBXSourcesBuildPhase;
			buildActionMask = 2147483647;
			files = (
				C3E38CCF1AF7E5D40020EB86 /* EventTrackerTests.swift in Sources */,
			);
			runOnlyForDeploymentPostprocessing = 0;
		};
/* End PBXSourcesBuildPhase section */

/* Begin PBXTargetDependency section */
		C3E38CCA1AF7E5D40020EB86 /* PBXTargetDependency */ = {
			isa = PBXTargetDependency;
			target = C3E38CB21AF7E5D40020EB86 /* EventTracker */;
			targetProxy = C3E38CC91AF7E5D40020EB86 /* PBXContainerItemProxy */;
		};
/* End PBXTargetDependency section */

/* Begin PBXVariantGroup section */
		C3E38CBC1AF7E5D40020EB86 /* Main.storyboard */ = {
			isa = PBXVariantGroup;
			children = (
				C3E38CBD1AF7E5D40020EB86 /* Base */,
			);
			name = Main.storyboard;
			sourceTree = "<group>";
		};
		C3E38CC11AF7E5D40020EB86 /* LaunchScreen.xib */ = {
			isa = PBXVariantGroup;
			children = (
				C3E38CC21AF7E5D40020EB86 /* Base */,
			);
			name = LaunchScreen.xib;
			sourceTree = "<group>";
		};
/* End PBXVariantGroup section */

/* Begin XCBuildConfiguration section */
		C3E38CD01AF7E5D40020EB86 /* Debug */ = {
			isa = XCBuildConfiguration;
			buildSettings = {
				ALWAYS_SEARCH_USER_PATHS = NO;
				CLANG_CXX_LANGUAGE_STANDARD = "gnu++0x";
				CLANG_CXX_LIBRARY = "libc++";
				CLANG_ENABLE_MODULES = YES;
				CLANG_ENABLE_OBJC_ARC = YES;
				CLANG_WARN_BOOL_CONVERSION = YES;
				CLANG_WARN_CONSTANT_CONVERSION = YES;
				CLANG_WARN_DIRECT_OBJC_ISA_USAGE = YES_ERROR;
				CLANG_WARN_EMPTY_BODY = YES;
				CLANG_WARN_ENUM_CONVERSION = YES;
				CLANG_WARN_INT_CONVERSION = YES;
				CLANG_WARN_OBJC_ROOT_CLASS = YES_ERROR;
				CLANG_WARN_UNREACHABLE_CODE = YES;
				CLANG_WARN__DUPLICATE_METHOD_MATCH = YES;
				"CODE_SIGN_IDENTITY[sdk=iphoneos*]" = "iPhone Developer";
				COPY_PHASE_STRIP = NO;
				DEBUG_INFORMATION_FORMAT = "dwarf-with-dsym";
				ENABLE_STRICT_OBJC_MSGSEND = YES;
				ENABLE_TESTABILITY = YES;
				GCC_C_LANGUAGE_STANDARD = gnu99;
				GCC_DYNAMIC_NO_PIC = NO;
				GCC_NO_COMMON_BLOCKS = YES;
				GCC_OPTIMIZATION_LEVEL = 0;
				GCC_PREPROCESSOR_DEFINITIONS = (
					"DEBUG=1",
					"$(inherited)",
				);
				GCC_SYMBOLS_PRIVATE_EXTERN = NO;
				GCC_WARN_64_TO_32_BIT_CONVERSION = YES;
				GCC_WARN_ABOUT_RETURN_TYPE = YES_ERROR;
				GCC_WARN_UNDECLARED_SELECTOR = YES;
				GCC_WARN_UNINITIALIZED_AUTOS = YES_AGGRESSIVE;
				GCC_WARN_UNUSED_FUNCTION = YES;
				GCC_WARN_UNUSED_VARIABLE = YES;
				IPHONEOS_DEPLOYMENT_TARGET = 9.0;
				MTL_ENABLE_DEBUG_INFO = YES;
				ONLY_ACTIVE_ARCH = YES;
				SDKROOT = iphoneos;
				SWIFT_OPTIMIZATION_LEVEL = "-Onone";
				TARGETED_DEVICE_FAMILY = "1,2";
			};
			name = Debug;
		};
		C3E38CD11AF7E5D40020EB86 /* Release */ = {
			isa = XCBuildConfiguration;
			buildSettings = {
				ALWAYS_SEARCH_USER_PATHS = NO;
				CLANG_CXX_LANGUAGE_STANDARD = "gnu++0x";
				CLANG_CXX_LIBRARY = "libc++";
				CLANG_ENABLE_MODULES = YES;
				CLANG_ENABLE_OBJC_ARC = YES;
				CLANG_WARN_BOOL_CONVERSION = YES;
				CLANG_WARN_CONSTANT_CONVERSION = YES;
				CLANG_WARN_DIRECT_OBJC_ISA_USAGE = YES_ERROR;
				CLANG_WARN_EMPTY_BODY = YES;
				CLANG_WARN_ENUM_CONVERSION = YES;
				CLANG_WARN_INT_CONVERSION = YES;
				CLANG_WARN_OBJC_ROOT_CLASS = YES_ERROR;
				CLANG_WARN_UNREACHABLE_CODE = YES;
				CLANG_WARN__DUPLICATE_METHOD_MATCH = YES;
				"CODE_SIGN_IDENTITY[sdk=iphoneos*]" = "iPhone Developer";
				COPY_PHASE_STRIP = NO;
				DEBUG_INFORMATION_FORMAT = "dwarf-with-dsym";
				ENABLE_NS_ASSERTIONS = NO;
				ENABLE_STRICT_OBJC_MSGSEND = YES;
				GCC_C_LANGUAGE_STANDARD = gnu99;
				GCC_NO_COMMON_BLOCKS = YES;
				GCC_WARN_64_TO_32_BIT_CONVERSION = YES;
				GCC_WARN_ABOUT_RETURN_TYPE = YES_ERROR;
				GCC_WARN_UNDECLARED_SELECTOR = YES;
				GCC_WARN_UNINITIALIZED_AUTOS = YES_AGGRESSIVE;
				GCC_WARN_UNUSED_FUNCTION = YES;
				GCC_WARN_UNUSED_VARIABLE = YES;
				IPHONEOS_DEPLOYMENT_TARGET = 9.0;
				MTL_ENABLE_DEBUG_INFO = NO;
				SDKROOT = iphoneos;
				TARGETED_DEVICE_FAMILY = "1,2";
				VALIDATE_PRODUCT = YES;
			};
			name = Release;
		};
		C3E38CD31AF7E5D40020EB86 /* Debug */ = {
			isa = XCBuildConfiguration;
			buildSettings = {
				ASSETCATALOG_COMPILER_APPICON_NAME = AppIcon;
				INFOPLIST_FILE = EventTracker/Info.plist;
				LD_RUNPATH_SEARCH_PATHS = "$(inherited) @executable_path/Frameworks";
				PRODUCT_BUNDLE_IDENTIFIER = "com.andrewcbancroft.$(PRODUCT_NAME:rfc1034identifier)";
				PRODUCT_NAME = "$(TARGET_NAME)";
			};
			name = Debug;
		};
		C3E38CD41AF7E5D40020EB86 /* Release */ = {
			isa = XCBuildConfiguration;
			buildSettings = {
				ASSETCATALOG_COMPILER_APPICON_NAME = AppIcon;
				INFOPLIST_FILE = EventTracker/Info.plist;
				LD_RUNPATH_SEARCH_PATHS = "$(inherited) @executable_path/Frameworks";
				PRODUCT_BUNDLE_IDENTIFIER = "com.andrewcbancroft.$(PRODUCT_NAME:rfc1034identifier)";
				PRODUCT_NAME = "$(TARGET_NAME)";
			};
			name = Release;
		};
		C3E38CD61AF7E5D40020EB86 /* Debug */ = {
			isa = XCBuildConfiguration;
			buildSettings = {
				BUNDLE_LOADER = "$(TEST_HOST)";
				FRAMEWORK_SEARCH_PATHS = (
					"$(SDKROOT)/Developer/Library/Frameworks",
					"$(inherited)",
				);
				GCC_PREPROCESSOR_DEFINITIONS = (
					"DEBUG=1",
					"$(inherited)",
				);
				INFOPLIST_FILE = EventTrackerTests/Info.plist;
				LD_RUNPATH_SEARCH_PATHS = "$(inherited) @executable_path/Frameworks @loader_path/Frameworks";
				PRODUCT_BUNDLE_IDENTIFIER = "com.andrewcbancroft.$(PRODUCT_NAME:rfc1034identifier)";
				PRODUCT_NAME = "$(TARGET_NAME)";
				TEST_HOST = "$(BUILT_PRODUCTS_DIR)/EventTracker.app/EventTracker";
			};
			name = Debug;
		};
		C3E38CD71AF7E5D40020EB86 /* Release */ = {
			isa = XCBuildConfiguration;
			buildSettings = {
				BUNDLE_LOADER = "$(TEST_HOST)";
				FRAMEWORK_SEARCH_PATHS = (
					"$(SDKROOT)/Developer/Library/Frameworks",
					"$(inherited)",
				);
				INFOPLIST_FILE = EventTrackerTests/Info.plist;
				LD_RUNPATH_SEARCH_PATHS = "$(inherited) @executable_path/Frameworks @loader_path/Frameworks";
				PRODUCT_BUNDLE_IDENTIFIER = "com.andrewcbancroft.$(PRODUCT_NAME:rfc1034identifier)";
				PRODUCT_NAME = "$(TARGET_NAME)";
				TEST_HOST = "$(BUILT_PRODUCTS_DIR)/EventTracker.app/EventTracker";
			};
			name = Release;
		};
/* End XCBuildConfiguration section */

/* Begin XCConfigurationList section */
		C3E38CAE1AF7E5D40020EB86 /* Build configuration list for PBXProject "EventTracker" */ = {
			isa = XCConfigurationList;
			buildConfigurations = (
				C3E38CD01AF7E5D40020EB86 /* Debug */,
				C3E38CD11AF7E5D40020EB86 /* Release */,
			);
			defaultConfigurationIsVisible = 0;
			defaultConfigurationName = Release;
		};
		C3E38CD21AF7E5D40020EB86 /* Build configuration list for PBXNativeTarget "EventTracker" */ = {
			isa = XCConfigurationList;
			buildConfigurations = (
				C3E38CD31AF7E5D40020EB86 /* Debug */,
				C3E38CD41AF7E5D40020EB86 /* Release */,
			);
			defaultConfigurationIsVisible = 0;
			defaultConfigurationName = Release;
		};
		C3E38CD51AF7E5D40020EB86 /* Build configuration list for PBXNativeTarget "EventTrackerTests" */ = {
			isa = XCConfigurationList;
			buildConfigurations = (
				C3E38CD61AF7E5D40020EB86 /* Debug */,
				C3E38CD71AF7E5D40020EB86 /* Release */,
			);
			defaultConfigurationIsVisible = 0;
			defaultConfigurationName = Release;
		};
/* End XCConfigurationList section */
	};
	rootObject = C3E38CAB1AF7E5D40020EB86 /* Project object */;
}
